
Microsoft Visual Studio Solution File, Format Version 12.00
# Visual Studio Version 17
VisualStudioVersion = 17.4.33103.184
MinimumVisualStudioVersion = 10.0.40219.1
Project("{FAE04EC0-301F-11D3-BF4B-00C04F79EFBC}") = "ExcelTemplates", "ExcelTemplates\ExcelTemplates.csproj", "{59F7DBF3-49DC-45D4-8E25-F4A8D4517B59}"
EndProject
Project("{FAE04EC0-301F-11D3-BF4B-00C04F79EFBC}") = "PluginsMain", "PluginsMain\PluginsMain.csproj", "{D7DA3DF1-5B67-4945-8F68-691F613D227E}"
EndProject
Project("{FAE04EC0-301F-11D3-BF4B-00C04F79EFBC}") = "ExcelTemplatesLib", "ExcelTemplatesLib\ExcelTemplatesLib.csproj", "{876FB58C-ED8E-4238-A527-9A4824C23C5F}"
EndProject
Global
	GlobalSection(SolutionConfigurationPlatforms) = preSolution
		Debug|Any CPU = Debug|Any CPU
		Release|Any CPU = Release|Any CPU
	EndGlobalSection
	GlobalSection(ProjectConfigurationPlatforms) = postSolution
		{59F7DBF3-49DC-45D4-8E25-F4A8D4517B59}.Debug|Any CPU.ActiveCfg = Debug|Any CPU
		{59F7DBF3-49DC-45D4-8E25-F4A8D4517B59}.Debug|Any CPU.Build.0 = Debug|Any CPU
		{59F7DBF3-49DC-45D4-8E25-F4A8D4517B59}.Release|Any CPU.ActiveCfg = Release|Any CPU
		{59F7DBF3-49DC-45D4-8E25-F4A8D4517B59}.Release|Any CPU.Build.0 = Release|Any CPU
		{D7DA3DF1-5B67-4945-8F68-691F613D227E}.Debug|Any CPU.ActiveCfg = Debug|Any CPU
		{D7DA3DF1-5B67-4945-8F68-691F613D227E}.Debug|Any CPU.Build.0 = Debug|Any CPU
		{D7DA3DF1-5B67-4945-8F68-691F613D227E}.Release|Any CPU.ActiveCfg = Release|Any CPU
		{D7DA3DF1-5B67-4945-8F68-691F613D227E}.Release|Any CPU.Build.0 = Release|Any CPU
		{876FB58C-ED8E-4238-A527-9A4824C23C5F}.Debug|Any CPU.ActiveCfg = Debug|Any CPU
		{876FB58C-ED8E-4238-A527-9A4824C23C5F}.Debug|Any CPU.Build.0 = Debug|Any CPU
		{876FB58C-ED8E-4238-A527-9A4824C23C5F}.Release|Any CPU.ActiveCfg = Release|Any CPU
		{876FB58C-ED8E-4238-A527-9A4824C23C5F}.Release|Any CPU.Build.0 = Release|Any CPU
	EndGlobalSection
	GlobalSection(SolutionProperties) = preSolution
		HideSolutionNode = FALSE
	EndGlobalSection
	GlobalSection(ExtensibilityGlobals) = postSolution
		SolutionGuid = {6D0E8F97-1D9D-4019-9247-3D8D896602B4}
	EndGlobalSection
EndGlobal
